
Microsoft Visual Studio Solution File, Format Version 12.00
# Visual Studio Version 17
VisualStudioVersion = 17.14.36414.22 d17.14
MinimumVisualStudioVersion = 10.0.40219.1
Project("{FAE04EC0-301F-11D3-BF4B-00C04F79EFBC}") = "USUARIOS", "USUARIOS.csproj", "{1E8536CD-4F74-45F8-9737-B1D0ACD5B6B0}"
EndProject
Global
	GlobalSection(SolutionConfigurationPlatforms) = preSolution
		Debug|Any CPU = Debug|Any CPU
		Release|Any CPU = Release|Any CPU
	EndGlobalSection
	GlobalSection(ProjectConfigurationPlatforms) = postSolution
		{1E8536CD-4F74-45F8-9737-B1D0ACD5B6B0}.Debug|Any CPU.ActiveCfg = Debug|Any CPU
		{1E8536CD-4F74-45F8-9737-B1D0ACD5B6B0}.Debug|Any CPU.Build.0 = Debug|Any CPU
		{1E8536CD-4F74-45F8-9737-B1D0ACD5B6B0}.Release|Any CPU.ActiveCfg = Release|Any CPU
		{1E8536CD-4F74-45F8-9737-B1D0ACD5B6B0}.Release|Any CPU.Build.0 = Release|Any CPU
	EndGlobalSection
	GlobalSection(SolutionProperties) = preSolution
		HideSolutionNode = FALSE
	EndGlobalSection
	GlobalSection(ExtensibilityGlobals) = postSolution
		SolutionGuid = {7627F419-02C4-4AF9-A42F-C77C0AE9AC55}
	EndGlobalSection
EndGlobal
